{
  "lockfile_version": "1",
  "packages": {
    "github:NixOS/nixpkgs/nixpkgs-unstable": {
      "last_modified": "2026-01-12T00:44:08Z",
      "resolved": "github:NixOS/nixpkgs/3fbab70c6e69c87ea2b6e48aa6629da2aa6a23b0?lastModified=1768178648"
    },
    "glibcLocales@latest": {
      "last_modified": "2025-12-31T03:27:36Z",
      "resolved": "github:NixOS/nixpkgs/f665af0cdb70ed27e1bd8f9fdfecaf451260fc55#glibcLocales",
      "source": "devbox-search",
      "version": "2.40-66",
      "systems": {
        "aarch64-linux": {
          "outputs": [
            {
              "name": "out",
              "path": "/nix/store/0mrra8k6h7dvs6dmq3f4ilsm0v33d01z-glibc-locales-2.40-66",
              "default": true
            }
          ],
          "store_path": "/nix/store/0mrra8k6h7dvs6dmq3f4ilsm0v33d01z-glibc-locales-2.40-66"
        },
        "x86_64-linux": {
          "outputs": [
            {
              "name": "out",
              "path": "/nix/store/wmwyf3bxrhg5ssd477dp99986wh4mzmm-glibc-locales-2.40-66",
              "default": true
            }
          ],
          "store_path": "/nix/store/wmwyf3bxrhg5ssd477dp99986wh4mzmm-glibc-locales-2.40-66"
        }
      }
    },
    "gnumake": {
      "resolved": "github:NixOS/nixpkgs/3fbab70c6e69c87ea2b6e48aa6629da2aa6a23b0#gnumake",
      "source": "nixpkg"
    },
    "nodejs@20": {
      "last_modified": "2025-12-31T03:27:36Z",
      "plugin_version": "0.0.2",
      "resolved": "github:NixOS/nixpkgs/f665af0cdb70ed27e1bd8f9fdfecaf451260fc55#nodejs_20",
      "source": "devbox-search",
      "version": "20.19.6",
      "systems": {
        "aarch64-darwin": {
          "outputs": [
            {
              "name": "out",
              "path": "/nix/store/4zsj5qcmdgbs33fcgzm6v2h4bv4zz7p4-nodejs-20.19.6",
              "default": true
            },
            {
              "name": "dev",
              "path": "/nix/store/2v5451xillx5693ncd73hnky5y9g1kn4-nodejs-20.19.6-dev"
            },
            {
              "name": "libv8",
              "path": "/nix/store/halb86z5220y48903xzixz2l5xbri7mv-nodejs-20.19.6-libv8"
            }
          ],
          "store_path": "/nix/store/4zsj5qcmdgbs33fcgzm6v2h4bv4zz7p4-nodejs-20.19.6"
        },
        "aarch64-linux": {
          "outputs": [
            {
              "name": "out",
              "path": "/nix/store/20pydyi9r2xag15xh4hc04fh3qrm8qgf-nodejs-20.19.6",
              "default": true
            },
            {
              "name": "dev",
              "path": "/nix/store/5321ixqgg0vmsyjwhs6gfn3q7kyjh8hf-nodejs-20.19.6-dev"
            },
            {
              "name": "libv8",
              "path": "/nix/store/yl32anby0d6hcx0mgq30aqg6hggyalqs-nodejs-20.19.6-libv8"
            }
          ],
          "store_path": "/nix/store/20pydyi9r2xag15xh4hc04fh3qrm8qgf-nodejs-20.19.6"
        },
        "x86_64-darwin": {
          "outputs": [
            {
              "name": "out",
              "path": "/nix/store/wnvypvf376m0nrh3krh3mdkv6597lkj0-nodejs-20.19.6",
              "default": true
            },
            {
              "name": "dev",
              "path": "/nix/store/43vxm8baj1gz2cflnc84j8glqp02mp07-nodejs-20.19.6-dev"
            },
            {
              "name": "libv8",
              "path": "/nix/store/3infmvi63w1cbm3i0gayqdrmwgvxdcwb-nodejs-20.19.6-libv8"
            }
          ],
          "store_path": "/nix/store/wnvypvf376m0nrh3krh3mdkv6597lkj0-nodejs-20.19.6"
        },
        "x86_64-linux": {
          "outputs": [
            {
              "name": "out",
              "path": "/nix/store/5d8li5z6br157w3rckhbnjvq7iwlwj8p-nodejs-20.19.6",
              "default": true
            },
            {
              "name": "dev",
              "path": "/nix/store/rg3i4b51n02rq3i79fnr80nv67xrlhd9-nodejs-20.19.6-dev"
            },
            {
              "name": "libv8",
              "path": "/nix/store/x2v14n3gnin44vjd8yh8i29m9mnr9r05-nodejs-20.19.6-libv8"
            }
          ],
          "store_path": "/nix/store/5d8li5z6br157w3rckhbnjvq7iwlwj8p-nodejs-20.19.6"
        }
      }
    },
    "pnpm": {
      "resolved": "github:NixOS/nixpkgs/3fbab70c6e69c87ea2b6e48aa6629da2aa6a23b0#pnpm",
      "source": "nixpkg"
    },
    "postgresql@16": {
      "last_modified": "2024-12-22T08:27:48Z",
      "plugin_version": "0.0.2",
      "resolved": "github:NixOS/nixpkgs/93ff48c9be84a76319dac293733df09bbbe3f25c#postgresql",
      "source": "devbox-search",
      "version": "16.5",
      "systems": {
        "aarch64-darwin": {
          "outputs": [
            {
              "name": "out",
              "path": "/nix/store/6l498xrh9z690js5zmd3p2ps0r00ri9p-postgresql-16.5",
              "default": true
            },
            {
              "name": "man",
              "path": "/nix/store/5yiw867cz810zi0z2yg5y794w2sy8kzq-postgresql-16.5-man",
              "default": true
            },
            {
              "name": "lib",
              "path": "/nix/store/c3a1ij8vyxv5fyg7qp6la2mn54jn84sn-postgresql-16.5-lib"
            },
            {
              "name": "dev",
              "path": "/nix/store/9mc2nq9m18x0l7c1gyasp064cf2894vx-postgresql-16.5-dev"
            },
            {
              "name": "doc",
              "path": "/nix/store/lxqw2xsh0vm11rcz5wayhskb8w9wjlih-postgresql-16.5-doc"
            }
          ],
          "store_path": "/nix/store/6l498xrh9z690js5zmd3p2ps0r00ri9p-postgresql-16.5"
        },
        "aarch64-linux": {
          "outputs": [
            {
              "name": "out",
              "path": "/nix/store/vjcavy1l0s1l0frjag900239cpmvj17f-postgresql-16.5",
              "default": true
            },
            {
              "name": "man",
              "path": "/nix/store/4l4a2044a6mb79sm46679ifappmj8vgc-postgresql-16.5-man",
              "default": true
            },
            {
              "name": "doc",
              "path": "/nix/store/1sa3z90r6hrcfsd4hy4rxbwzbw6aa4p6-postgresql-16.5-doc"
            },
            {
              "name": "lib",
              "path": "/nix/store/gr06jpjpxzqkpyyhg1f7v9mmy1f9qzgp-postgresql-16.5-lib"
            },
            {
              "name": "debug",
              "path": "/nix/store/zlw8cxkzf9a43mmplsp88dbjy8adbjkx-postgresql-16.5-debug"
            },
            {
              "name": "dev",
              "path": "/nix/store/8mbabq6zp86a1gm2nf109pa1dvgp8s02-postgresql-16.5-dev"
            }
          ],
          "store_path": "/nix/store/vjcavy1l0s1l0frjag900239cpmvj17f-postgresql-16.5"
        },
        "x86_64-darwin": {
          "outputs": [
            {
              "name": "out",
              "path": "/nix/store/808d9axcd5q934lsi3l5v3x8phks9wc4-postgresql-16.5",
              "default": true
            },
            {
              "name": "man",
              "path": "/nix/store/8njx7dcc3gj9j46cn5lfc8knd52hvl7k-postgresql-16.5-man",
              "default": true
            },
            {
              "name": "dev",
              "path": "/nix/store/pn22i14qpv3yxmaacd5yfcqxpqm3grlq-postgresql-16.5-dev"
            },
            {
              "name": "doc",
              "path": "/nix/store/kd05cfbhaiiihdx6kkrjdyrywgjzfnqj-postgresql-16.5-doc"
            },
            {
              "name": "lib",
              "path": "/nix/store/1gnp8q95nfjna56sllv66jbf6hshi6bd-postgresql-16.5-lib"
            }
          ],
          "store_path": "/nix/store/808d9axcd5q934lsi3l5v3x8phks9wc4-postgresql-16.5"
        },
        "x86_64-linux": {
          "outputs": [
            {
              "name": "out",
              "path": "/nix/store/0z5iwcvalafm3j2c5pfhllsfbxrbyzf4-postgresql-16.5",
              "default": true
            },
            {
              "name": "man",
              "path": "/nix/store/0q9yki1d9czy7i7mly8gy3ffjvc3hkqv-postgresql-16.5-man",
              "default": true
            },
            {
              "name": "debug",
              "path": "/nix/store/zvysixjns32iz6qlkr8s5b70cw50l0qy-postgresql-16.5-debug"
            },
            {
              "name": "dev",
              "path": "/nix/store/207n898zbi7mb5scjaf532v78c3rll9f-postgresql-16.5-dev"
            },
            {
              "name": "doc",
              "path": "/nix/store/7ip3havx020h3527y7cqdl8l39p3g67b-postgresql-16.5-doc"
            },
            {
              "name": "lib",
              "path": "/nix/store/qi2zbhdnzdci7i0a6g64mbkk8wnzznlh-postgresql-16.5-lib"
            }
          ],
          "store_path": "/nix/store/0z5iwcvalafm3j2c5pfhllsfbxrbyzf4-postgresql-16.5"
        }
      }
    },
    "uv": {
      "resolved": "github:NixOS/nixpkgs/3fbab70c6e69c87ea2b6e48aa6629da2aa6a23b0#uv",
      "source": "nixpkg"
    }
  }
}
